# hw_calendar dependency lock, format 2.
lock-version 2

llvm 22.1.8 https://ghcr.io/v2/homebrew/core/llvm/blobs/sha256:d83ee9d03be9f9a5e5795b3ada6b67847735615f4721d19f424dce3632075d19 d83ee9d03be9f9a5e5795b3ada6b67847735615f4721d19f424dce3632075d19 homebrew-arm64
llvm-file clang 305697d3868243dca6e4aabf4f628df7de135d701eb4fd78f6a5d7528fef4395
llvm-file asan-runtime a2d0cf6db6a330a68ab592689608e904059fa9d77d4d063845c5c757b5b2fd2c

# Sibling repository, tracked branch, and tested commit.
git hw_odin_matchSorter https://github.com/MartinMikusat/hw_odin_matchSorter.git main 52bbe319503752881ebd777e0f3340fce027e017
git hw_odin_ipc_localCommand https://github.com/MartinMikusat/hw_odin_ipc_localCommand.git main bab49cbb144d05924165a6eb0bd09c5882a848b1
git hw_odin_ui_flash https://github.com/MartinMikusat/hw_odin_ui_flash.git main d06e98a40640b13eea5b979319022aad0a470d72
git hw_odin_ui_commandPalette https://github.com/MartinMikusat/hw_odin_ui_commandPalette.git main 72312d2f67cfc3d2ebc6a62fdbb1ba5bbc4e335f
git hw_odin_ui_components https://github.com/MartinMikusat/hw_odin_ui_components.git main fddcea1b1a2dbccab7fdd7f130688d5af273a8d2
git hw_odin_ui_framework https://github.com/MartinMikusat/hw_odin_ui_framework.git main 6deb43a2ec338b757811419ff5e921db8deb8590

# Bundled Iconoir release and file checksums.
iconoir v7.11.1 3497016dcb93122b5a64a2df1221598a14ecf4f3 https://github.com/iconoir-icons/iconoir/archive/refs/tags/v7.11.1.tar.gz 6a22cb1c3eaa49485a5f40cf276c0d063af0792d7bfed8b4bec4fbfc8866e5b2
iconoir-file calendar.svg 8ae89c6d771ae5371a978ee43b348c44313109780510ca9195a7fe989d24adbb
iconoir-file LICENSE 869b60da1ada5b896d1f285c3c24ca193d612e308d1710a77a58f2f572eb4fa2
