# Sibling repository, origin URL, and tested commit.
hw_odin_matchSorter https://github.com/MartinMikusat/hw_odin_matchSorter.git 4f205e2b51eb00e6f02b5f7b9390060e3c065731
hw_odin_ui_flash https://github.com/MartinMikusat/hw_odin_ui_flash.git d06e98a40640b13eea5b979319022aad0a470d72
hw_odin_ui_commandPalette https://github.com/MartinMikusat/hw_odin_ui_commandPalette.git aa1537506ae2b154a2dc8ecd132ea7088381ba6f
# Test-only RFC differential oracle.
libical https://github.com/libical/libical.git 0a1a1d81304ae63ffe24e43b8d1fb1e9b03c635c
